
Microsoft Visual Studio Solution File, Format Version 12.00
# Visual Studio Version 17
VisualStudioVersion = 17.5.002.0
MinimumVisualStudioVersion = 10.0.40219.1
Project("{9A19103F-16F7-4668-BE54-9A1E7A4F7556}") = "FinancialApi", "FinancialApi\FinancialApi.csproj", "{C3F5DD8E-B62E-4A96-81DD-D4317A80E577}"
EndProject
Global
	GlobalSection(SolutionConfigurationPlatforms) = preSolution
		Debug|Any CPU = Debug|Any CPU
		Release|Any CPU = Release|Any CPU
	EndGlobalSection
	GlobalSection(ProjectConfigurationPlatforms) = postSolution
		{C3F5DD8E-B62E-4A96-81DD-D4317A80E577}.Debug|Any CPU.ActiveCfg = Debug|Any CPU
		{C3F5DD8E-B62E-4A96-81DD-D4317A80E577}.Debug|Any CPU.Build.0 = Debug|Any CPU
		{C3F5DD8E-B62E-4A96-81DD-D4317A80E577}.Release|Any CPU.ActiveCfg = Release|Any CPU
		{C3F5DD8E-B62E-4A96-81DD-D4317A80E577}.Release|Any CPU.Build.0 = Release|Any CPU
	EndGlobalSection
	GlobalSection(SolutionProperties) = preSolution
		HideSolutionNode = FALSE
	EndGlobalSection
	GlobalSection(ExtensibilityGlobals) = postSolution
		SolutionGuid = {4627A101-77B5-421A-B520-8D08E8FFBA90}
	EndGlobalSection
EndGlobal
